
Microsoft Visual Studio Solution File, Format Version 12.00
# Visual Studio Version 17
VisualStudioVersion = 17.2.32516.85
MinimumVisualStudioVersion = 10.0.40219.1
Project("{FAE04EC0-301F-11D3-BF4B-00C04F79EFBC}") = "Hastane_Otomasyon", "Hastane_Otomasyon\Hastane_Otomasyon.csproj", "{484F5F6E-546C-4C93-9000-97CD03204635}"
EndProject
Global
	GlobalSection(SolutionConfigurationPlatforms) = preSolution
		Debug|Any CPU = Debug|Any CPU
		Release|Any CPU = Release|Any CPU
	EndGlobalSection
	GlobalSection(ProjectConfigurationPlatforms) = postSolution
		{484F5F6E-546C-4C93-9000-97CD03204635}.Debug|Any CPU.ActiveCfg = Debug|Any CPU
		{484F5F6E-546C-4C93-9000-97CD03204635}.Debug|Any CPU.Build.0 = Debug|Any CPU
		{484F5F6E-546C-4C93-9000-97CD03204635}.Release|Any CPU.ActiveCfg = Release|Any CPU
		{484F5F6E-546C-4C93-9000-97CD03204635}.Release|Any CPU.Build.0 = Release|Any CPU
	EndGlobalSection
	GlobalSection(SolutionProperties) = preSolution
		HideSolutionNode = FALSE
	EndGlobalSection
	GlobalSection(ExtensibilityGlobals) = postSolution
		SolutionGuid = {39196A0F-6511-4429-B0DD-177D059213CB}
	EndGlobalSection
EndGlobal
